{
  "originHash" : "ac3da71106229973d360fd9142b8943b9503cc840292fc13d53cae0c0b577ae6",
  "pins" : [
    {
      "identity" : "swift-system",
      "kind" : "remoteSourceControl",
      "location" : "https://github.com/apple/swift-system.git",
      "state" : {
        "revision" : "869129b7bf4ecc57b97d0193ad29690ca2134750",
        "version" : "1.8.1"
      }
    },
    {
      "identity" : "swift-url",
      "kind" : "remoteSourceControl",
      "location" : "https://github.com/karwa/swift-url.git",
      "state" : {
        "revision" : "9306a962396a50d7d88e924afcd7ec67226763db",
        "version" : "0.4.2"
      }
    }
  ],
  "version" : 3
}
